
Microsoft Visual Studio Solution File, Format Version 12.00
# Visual Studio Version 17
VisualStudioVersion = 17.14.36429.23 d17.14
MinimumVisualStudioVersion = 10.0.40219.1
Project("{FAE04EC0-301F-11D3-BF4B-00C04F79EFBC}") = "MAUIApp7", "MAUIApp7.csproj", "{0AEF6267-A48F-4E63-B2D7-322B1BC904DA}"
EndProject
Global
	GlobalSection(SolutionConfigurationPlatforms) = preSolution
		Debug|Any CPU = Debug|Any CPU
		Release|Any CPU = Release|Any CPU
	EndGlobalSection
	GlobalSection(ProjectConfigurationPlatforms) = postSolution
		{0AEF6267-A48F-4E63-B2D7-322B1BC904DA}.Debug|Any CPU.ActiveCfg = Debug|Any CPU
		{0AEF6267-A48F-4E63-B2D7-322B1BC904DA}.Debug|Any CPU.Build.0 = Debug|Any CPU
		{0AEF6267-A48F-4E63-B2D7-322B1BC904DA}.Debug|Any CPU.Deploy.0 = Debug|Any CPU
		{0AEF6267-A48F-4E63-B2D7-322B1BC904DA}.Release|Any CPU.ActiveCfg = Release|Any CPU
		{0AEF6267-A48F-4E63-B2D7-322B1BC904DA}.Release|Any CPU.Build.0 = Release|Any CPU
		{0AEF6267-A48F-4E63-B2D7-322B1BC904DA}.Release|Any CPU.Deploy.0 = Release|Any CPU
	EndGlobalSection
	GlobalSection(SolutionProperties) = preSolution
		HideSolutionNode = FALSE
	EndGlobalSection
	GlobalSection(ExtensibilityGlobals) = postSolution
		SolutionGuid = {4F0DC193-D88B-4F9C-9CAC-1B9F9A0F71B7}
	EndGlobalSection
EndGlobal
